// !$*UTF8*$!
{
	archiveVersion = 1;
	classes = {
	};
	objectVersion = 55;
	objects = {

/* Begin PBXBuildFile section */
		37BDE79D2117B0C00097C65F /* AppDelegate.swift in Sources */ = {isa = PBXBuildFile; fileRef = 37BDE79C2117B0C00097C65F /* AppDelegate.swift */; };
		37BDE79F2117B0C00097C65F /* ViewController.swift in Sources */ = {isa = PBXBuildFile; fileRef = 37BDE79E2117B0C00097C65F /* ViewController.swift */; };
		37BDE7A22117B0C00097C65F /* Main.storyboard in Resources */ = {isa = PBXBuildFile; fileRef = 37BDE7A02117B0C00097C65F /* Main.storyboard */; };
		37BDE7A42117B0C10097C65F /* Assets.xcassets in Resources */ = {isa = PBXBuildFile; fileRef = 37BDE7A32117B0C10097C65F /* Assets.xcassets */; };
		37BDE7A72117B0C10097C65F /* LaunchScreen.storyboard in Resources */ = {isa = PBXBuildFile; fileRef = 37BDE7A52117B0C10097C65F /* LaunchScreen.storyboard */; };
		37BDE7AF2117B1120097C65F /* CheckBox.swift in Sources */ = {isa = PBXBuildFile; fileRef = 37BDE7AE2117B1120097C65F /* CheckBox.swift */; };
		E0142A5F28F3107800CD2472 /* Trimester1.storyboard in Resources */ = {isa = PBXBuildFile; fileRef = E0142A5E28F3107800CD2472 /* Trimester1.storyboard */; };
		E0142A6228F3108B00CD2472 /* Trimester2.storyboard in Resources */ = {isa = PBXBuildFile; fileRef = E0142A6128F3108B00CD2472 /* Trimester2.storyboard */; };
		E0142A6628F310A300CD2472 /* Trimester3.storyboard in Resources */ = {isa = PBXBuildFile; fileRef = E0142A6528F310A300CD2472 /* Trimester3.storyboard */; };
		E023B95D290011C7004D71F4 /* TriView.swift in Sources */ = {isa = PBXBuildFile; fileRef = E023B95C290011C7004D71F4 /* TriView.swift */; };
		E02B07DC2911F65000EFABA2 /* NSAttributedStringExtension.swift in Sources */ = {isa = PBXBuildFile; fileRef = E02B07DB2911F65000EFABA2 /* NSAttributedStringExtension.swift */; };
		E0512502290A488C00301656 /* ResView.swift in Sources */ = {isa = PBXBuildFile; fileRef = E0512501290A488C00301656 /* ResView.swift */; };
/* End PBXBuildFile section */

/* Begin PBXFileReference section */
		37BDE7992117B0C00097C65F /* PregnancyApp.app */ = {isa = PBXFileReference; explicitFileType = wrapper.application; includeInIndex = 0; path = PregnancyApp.app; sourceTree = BUILT_PRODUCTS_DIR; };
		37BDE79C2117B0C00097C65F /* AppDelegate.swift */ = {isa = PBXFileReference; lastKnownFileType = sourcecode.swift; path = AppDelegate.swift; sourceTree = "<group>"; };
		37BDE79E2117B0C00097C65F /* ViewController.swift */ = {isa = PBXFileReference; lastKnownFileType = sourcecode.swift; path = ViewController.swift; sourceTree = "<group>"; };
		37BDE7A12117B0C00097C65F /* Base */ = {isa = PBXFileReference; lastKnownFileType = file.storyboard; name = Base; path = Base.lproj/Main.storyboard; sourceTree = "<group>"; };
		37BDE7A32117B0C10097C65F /* Assets.xcassets */ = {isa = PBXFileReference; lastKnownFileType = folder.assetcatalog; path = Assets.xcassets; sourceTree = "<group>"; };
		37BDE7A62117B0C10097C65F /* Base */ = {isa = PBXFileReference; lastKnownFileType = file.storyboard; name = Base; path = Base.lproj/LaunchScreen.storyboard; sourceTree = "<group>"; };
		37BDE7A82117B0C10097C65F /* Info.plist */ = {isa = PBXFileReference; lastKnownFileType = text.plist.xml; path = Info.plist; sourceTree = "<group>"; };
		37BDE7AE2117B1120097C65F /* CheckBox.swift */ = {isa = PBXFileReference; fileEncoding = 4; lastKnownFileType = sourcecode.swift; path = CheckBox.swift; sourceTree = "<group>"; };
		E0142A5E28F3107800CD2472 /* Trimester1.storyboard */ = {isa = PBXFileReference; lastKnownFileType = file.storyboard; path = Trimester1.storyboard; sourceTree = "<group>"; };
		E0142A6128F3108B00CD2472 /* Trimester2.storyboard */ = {isa = PBXFileReference; lastKnownFileType = file.storyboard; path = Trimester2.storyboard; sourceTree = "<group>"; };
		E0142A6528F310A300CD2472 /* Trimester3.storyboard */ = {isa = PBXFileReference; lastKnownFileType = file.storyboard; path = Trimester3.storyboard; sourceTree = "<group>"; };
		E023B95C290011C7004D71F4 /* TriView.swift */ = {isa = PBXFileReference; lastKnownFileType = sourcecode.swift; path = TriView.swift; sourceTree = "<group>"; };
		E02B07DB2911F65000EFABA2 /* NSAttributedStringExtension.swift */ = {isa = PBXFileReference; lastKnownFileType = sourcecode.swift; path = NSAttributedStringExtension.swift; sourceTree = "<group>"; };
		E0512501290A488C00301656 /* ResView.swift */ = {isa = PBXFileReference; lastKnownFileType = sourcecode.swift; path = ResView.swift; sourceTree = "<group>"; };
/* End PBXFileReference section */

/* Begin PBXFrameworksBuildPhase section */
		37BDE7962117B0C00097C65F /* Frameworks */ = {
			isa = PBXFrameworksBuildPhase;
			buildActionMask = 2147483647;
			files = (
			);
			runOnlyForDeploymentPostprocessing = 0;
		};
/* End PBXFrameworksBuildPhase section */

/* Begin PBXGroup section */
		37BDE7902117B0C00097C65F = {
			isa = PBXGroup;
			children = (
				37BDE79B2117B0C00097C65F /* PregnancyApp */,
				37BDE79A2117B0C00097C65F /* Products */,
			);
			sourceTree = "<group>";
		};
		37BDE79A2117B0C00097C65F /* Products */ = {
			isa = PBXGroup;
			children = (
				37BDE7992117B0C00097C65F /* PregnancyApp.app */,
			);
			name = Products;
			sourceTree = "<group>";
		};
		37BDE79B2117B0C00097C65F /* PregnancyApp */ = {
			isa = PBXGroup;
			children = (
				E0142A6328F3109000CD2472 /* Tri3 */,
				E0142A6028F3107E00CD2472 /* Tri2 */,
				E0142A5D28F3106800CD2472 /* Tri1 */,
				37BDE7AE2117B1120097C65F /* CheckBox.swift */,
				37BDE79C2117B0C00097C65F /* AppDelegate.swift */,
				37BDE79E2117B0C00097C65F /* ViewController.swift */,
				37BDE7A02117B0C00097C65F /* Main.storyboard */,
				37BDE7A32117B0C10097C65F /* Assets.xcassets */,
				37BDE7A52117B0C10097C65F /* LaunchScreen.storyboard */,
				37BDE7A82117B0C10097C65F /* Info.plist */,
				E023B95C290011C7004D71F4 /* TriView.swift */,
				E0512501290A488C00301656 /* ResView.swift */,
				E02B07DB2911F65000EFABA2 /* NSAttributedStringExtension.swift */,
			);
			path = PregnancyApp;
			sourceTree = "<group>";
		};
		E0142A5D28F3106800CD2472 /* Tri1 */ = {
			isa = PBXGroup;
			children = (
				E0142A5E28F3107800CD2472 /* Trimester1.storyboard */,
			);
			path = Tri1;
			sourceTree = "<group>";
		};
		E0142A6028F3107E00CD2472 /* Tri2 */ = {
			isa = PBXGroup;
			children = (
				E0142A6128F3108B00CD2472 /* Trimester2.storyboard */,
			);
			path = Tri2;
			sourceTree = "<group>";
		};
		E0142A6328F3109000CD2472 /* Tri3 */ = {
			isa = PBXGroup;
			children = (
				E0142A6528F310A300CD2472 /* Trimester3.storyboard */,
			);
			path = Tri3;
			sourceTree = "<group>";
		};
/* End PBXGroup section */

/* Begin PBXNativeTarget section */
		37BDE7982117B0C00097C65F /* PregnancyApp */ = {
			isa = PBXNativeTarget;
			buildConfigurationList = 37BDE7AB2117B0C10097C65F /* Build configuration list for PBXNativeTarget "PregnancyApp" */;
			buildPhases = (
				37BDE7952117B0C00097C65F /* Sources */,
				37BDE7962117B0C00097C65F /* Frameworks */,
				37BDE7972117B0C00097C65F /* Resources */,
			);
			buildRules = (
			);
			dependencies = (
			);
			name = PregnancyApp;
			productName = Checkbox;
			productReference = 37BDE7992117B0C00097C65F /* PregnancyApp.app */;
			productType = "com.apple.product-type.application";
		};
/* End PBXNativeTarget section */

/* Begin PBXProject section */
		37BDE7912117B0C00097C65F /* Project object */ = {
			isa = PBXProject;
			attributes = {
				LastSwiftUpdateCheck = 0940;
				LastUpgradeCheck = 1340;
				ORGANIZATIONNAME = Veton;
				TargetAttributes = {
					37BDE7982117B0C00097C65F = {
						CreatedOnToolsVersion = 9.4.1;
						LastSwiftMigration = 1340;
					};
				};
			};
			buildConfigurationList = 37BDE7942117B0C00097C65F /* Build configuration list for PBXProject "PregnancyApp" */;
			compatibilityVersion = "Xcode 13.0";
			developmentRegion = en;
			hasScannedForEncodings = 0;
			knownRegions = (
				en,
				Base,
			);
			mainGroup = 37BDE7902117B0C00097C65F;
			productRefGroup = 37BDE79A2117B0C00097C65F /* Products */;
			projectDirPath = "";
			projectRoot = "";
			targets = (
				37BDE7982117B0C00097C65F /* PregnancyApp */,
			);
		};
/* End PBXProject section */

/* Begin PBXResourcesBuildPhase section */
		37BDE7972117B0C00097C65F /* Resources */ = {
			isa = PBXResourcesBuildPhase;
			buildActionMask = 2147483647;
			files = (
				E0142A6628F310A300CD2472 /* Trimester3.storyboard in Resources */,
				E0142A5F28F3107800CD2472 /* Trimester1.storyboard in Resources */,
				37BDE7A72117B0C10097C65F /* LaunchScreen.storyboard in Resources */,
				37BDE7A42117B0C10097C65F /* Assets.xcassets in Resources */,
				37BDE7A22117B0C00097C65F /* Main.storyboard in Resources */,
				E0142A6228F3108B00CD2472 /* Trimester2.storyboard in Resources */,
			);
			runOnlyForDeploymentPostprocessing = 0;
		};
/* End PBXResourcesBuildPhase section */

/* Begin PBXSourcesBuildPhase section */
		37BDE7952117B0C00097C65F /* Sources */ = {
			isa = PBXSourcesBuildPhase;
			buildActionMask = 2147483647;
			files = (
				37BDE79F2117B0C00097C65F /* ViewController.swift in Sources */,
				37BDE79D2117B0C00097C65F /* AppDelegate.swift in Sources */,
				E023B95D290011C7004D71F4 /* TriView.swift in Sources */,
				E02B07DC2911F65000EFABA2 /* NSAttributedStringExtension.swift in Sources */,
				E0512502290A488C00301656 /* ResView.swift in Sources */,
				37BDE7AF2117B1120097C65F /* CheckBox.swift in Sources */,
			);
			runOnlyForDeploymentPostprocessing = 0;
		};
/* End PBXSourcesBuildPhase section */

/* Begin PBXVariantGroup section */
		37BDE7A02117B0C00097C65F /* Main.storyboard */ = {
			isa = PBXVariantGroup;
			children = (
				37BDE7A12117B0C00097C65F /* Base */,
			);
			name = Main.storyboard;
			sourceTree = "<group>";
		};
		37BDE7A52117B0C10097C65F /* LaunchScreen.storyboard */ = {
			isa = PBXVariantGroup;
			children = (
				37BDE7A62117B0C10097C65F /* Base */,
			);
			name = LaunchScreen.storyboard;
			sourceTree = "<group>";
		};
/* End PBXVariantGroup section */

/* Begin XCBuildConfiguration section */
		37BDE7A92117B0C10097C65F /* Debug */ = {
			isa = XCBuildConfiguration;
			buildSettings = {
				ALWAYS_SEARCH_USER_PATHS = NO;
				CLANG_ANALYZER_NONNULL = YES;
				CLANG_ANALYZER_NUMBER_OBJECT_CONVERSION = YES_AGGRESSIVE;
				CLANG_CXX_LANGUAGE_STANDARD = "gnu++14";
				CLANG_CXX_LIBRARY = "libc++";
				CLANG_ENABLE_MODULES = YES;
				CLANG_ENABLE_OBJC_ARC = YES;
				CLANG_ENABLE_OBJC_WEAK = YES;
				CLANG_WARN_BLOCK_CAPTURE_AUTORELEASING = YES;
				CLANG_WARN_BOOL_CONVERSION = YES;
				CLANG_WARN_COMMA = YES;
				CLANG_WARN_CONSTANT_CONVERSION = YES;
				CLANG_WARN_DEPRECATED_OBJC_IMPLEMENTATIONS = YES;
				CLANG_WARN_DIRECT_OBJC_ISA_USAGE = YES_ERROR;
				CLANG_WARN_DOCUMENTATION_COMMENTS = YES;
				CLANG_WARN_EMPTY_BODY = YES;
				CLANG_WARN_ENUM_CONVERSION = YES;
				CLANG_WARN_INFINITE_RECURSION = YES;
				CLANG_WARN_INT_CONVERSION = YES;
				CLANG_WARN_NON_LITERAL_NULL_CONVERSION = YES;
				CLANG_WARN_OBJC_IMPLICIT_RETAIN_SELF = YES;
				CLANG_WARN_OBJC_LITERAL_CONVERSION = YES;
				CLANG_WARN_OBJC_ROOT_CLASS = YES_ERROR;
				CLANG_WARN_QUOTED_INCLUDE_IN_FRAMEWORK_HEADER = YES;
				CLANG_WARN_RANGE_LOOP_ANALYSIS = YES;
				CLANG_WARN_STRICT_PROTOTYPES = YES;
				CLANG_WARN_SUSPICIOUS_MOVE = YES;
				CLANG_WARN_UNGUARDED_AVAILABILITY = YES_AGGRESSIVE;
				CLANG_WARN_UNREACHABLE_CODE = YES;
				CLANG_WARN__DUPLICATE_METHOD_MATCH = YES;
				CODE_SIGN_IDENTITY = "iPhone Developer";
				COPY_PHASE_STRIP = NO;
				DEBUG_INFORMATION_FORMAT = dwarf;
				ENABLE_STRICT_OBJC_MSGSEND = YES;
				ENABLE_TESTABILITY = YES;
				GCC_C_LANGUAGE_STANDARD = gnu11;
				GCC_DYNAMIC_NO_PIC = NO;
				GCC_NO_COMMON_BLOCKS = YES;
				GCC_OPTIMIZATION_LEVEL = 0;
				GCC_PREPROCESSOR_DEFINITIONS = (
					"DEBUG=1",
					"$(inherited)",
				);
				GCC_WARN_64_TO_32_BIT_CONVERSION = YES;
				GCC_WARN_ABOUT_RETURN_TYPE = YES_ERROR;
				GCC_WARN_UNDECLARED_SELECTOR = YES;
				GCC_WARN_UNINITIALIZED_AUTOS = YES_AGGRESSIVE;
				GCC_WARN_UNUSED_FUNCTION = YES;
				GCC_WARN_UNUSED_VARIABLE = YES;
				IPHONEOS_DEPLOYMENT_TARGET = 12.0;
				MTL_ENABLE_DEBUG_INFO = YES;
				ONLY_ACTIVE_ARCH = YES;
				SDKROOT = iphoneos;
				SWIFT_ACTIVE_COMPILATION_CONDITIONS = DEBUG;
				SWIFT_OPTIMIZATION_LEVEL = "-Onone";
			};
			name = Debug;
		};
		37BDE7AA2117B0C10097C65F /* Release */ = {
			isa = XCBuildConfiguration;
			buildSettings = {
				ALWAYS_SEARCH_USER_PATHS = NO;
				CLANG_ANALYZER_NONNULL = YES;
				CLANG_ANALYZER_NUMBER_OBJECT_CONVERSION = YES_AGGRESSIVE;
				CLANG_CXX_LANGUAGE_STANDARD = "gnu++14";
				CLANG_CXX_LIBRARY = "libc++";
				CLANG_ENABLE_MODULES = YES;
				CLANG_ENABLE_OBJC_ARC = YES;
				CLANG_ENABLE_OBJC_WEAK = YES;
				CLANG_WARN_BLOCK_CAPTURE_AUTORELEASING = YES;
				CLANG_WARN_BOOL_CONVERSION = YES;
				CLANG_WARN_COMMA = YES;
				CLANG_WARN_CONSTANT_CONVERSION = YES;
				CLANG_WARN_DEPRECATED_OBJC_IMPLEMENTATIONS = YES;
				CLANG_WARN_DIRECT_OBJC_ISA_USAGE = YES_ERROR;
				CLANG_WARN_DOCUMENTATION_COMMENTS = YES;
				CLANG_WARN_EMPTY_BODY = YES;
				CLANG_WARN_ENUM_CONVERSION = YES;
				CLANG_WARN_INFINITE_RECURSION = YES;
				CLANG_WARN_INT_CONVERSION = YES;
				CLANG_WARN_NON_LITERAL_NULL_CONVERSION = YES;
				CLANG_WARN_OBJC_IMPLICIT_RETAIN_SELF = YES;
				CLANG_WARN_OBJC_LITERAL_CONVERSION = YES;
				CLANG_WARN_OBJC_ROOT_CLASS = YES_ERROR;
				CLANG_WARN_QUOTED_INCLUDE_IN_FRAMEWORK_HEADER = YES;
				CLANG_WARN_RANGE_LOOP_ANALYSIS = YES;
				CLANG_WARN_STRICT_PROTOTYPES = YES;
				CLANG_WARN_SUSPICIOUS_MOVE = YES;
				CLANG_WARN_UNGUARDED_AVAILABILITY = YES_AGGRESSIVE;
				CLANG_WARN_UNREACHABLE_CODE = YES;
				CLANG_WARN__DUPLICATE_METHOD_MATCH = YES;
				CODE_SIGN_IDENTITY = "iPhone Developer";
				COPY_PHASE_STRIP = NO;
				DEBUG_INFORMATION_FORMAT = "dwarf-with-dsym";
				ENABLE_NS_ASSERTIONS = NO;
				ENABLE_STRICT_OBJC_MSGSEND = YES;
				GCC_C_LANGUAGE_STANDARD = gnu11;
				GCC_NO_COMMON_BLOCKS = YES;
				GCC_WARN_64_TO_32_BIT_CONVERSION = YES;
				GCC_WARN_ABOUT_RETURN_TYPE = YES_ERROR;
				GCC_WARN_UNDECLARED_SELECTOR = YES;
				GCC_WARN_UNINITIALIZED_AUTOS = YES_AGGRESSIVE;
				GCC_WARN_UNUSED_FUNCTION = YES;
				GCC_WARN_UNUSED_VARIABLE = YES;
				IPHONEOS_DEPLOYMENT_TARGET = 12.0;
				MTL_ENABLE_DEBUG_INFO = NO;
				SDKROOT = iphoneos;
				SWIFT_COMPILATION_MODE = wholemodule;
				SWIFT_OPTIMIZATION_LEVEL = "-O";
				VALIDATE_PRODUCT = YES;
			};
			name = Release;
		};
		37BDE7AC2117B0C10097C65F /* Debug */ = {
			isa = XCBuildConfiguration;
			buildSettings = {
				ASSETCATALOG_COMPILER_APPICON_NAME = AppIcon;
				CODE_SIGN_STYLE = Automatic;
				DEVELOPMENT_TEAM = FVGY3CG62Y;
				INFOPLIST_FILE = PregnancyApp/Info.plist;
				INFOPLIST_KEY_CFBundleDisplayName = PregnancyApp;
				IPHONEOS_DEPLOYMENT_TARGET = 15.0;
				LD_RUNPATH_SEARCH_PATHS = (
					"$(inherited)",
					"@executable_path/Frameworks",
				);
				PRODUCT_BUNDLE_IDENTIFIER = com.kenthinson.PregnancyApp;
				PRODUCT_NAME = "$(TARGET_NAME)";
				SWIFT_VERSION = 5.0;
				TARGETED_DEVICE_FAMILY = "1,2";
			};
			name = Debug;
		};
		37BDE7AD2117B0C10097C65F /* Release */ = {
			isa = XCBuildConfiguration;
			buildSettings = {
				ASSETCATALOG_COMPILER_APPICON_NAME = AppIcon;
				CODE_SIGN_STYLE = Automatic;
				DEVELOPMENT_TEAM = FVGY3CG62Y;
				INFOPLIST_FILE = PregnancyApp/Info.plist;
				INFOPLIST_KEY_CFBundleDisplayName = PregnancyApp;
				IPHONEOS_DEPLOYMENT_TARGET = 15.0;
				LD_RUNPATH_SEARCH_PATHS = (
					"$(inherited)",
					"@executable_path/Frameworks",
				);
				PRODUCT_BUNDLE_IDENTIFIER = com.kenthinson.PregnancyApp;
				PRODUCT_NAME = "$(TARGET_NAME)";
				SWIFT_VERSION = 5.0;
				TARGETED_DEVICE_FAMILY = "1,2";
			};
			name = Release;
		};
/* End XCBuildConfiguration section */

/* Begin XCConfigurationList section */
		37BDE7942117B0C00097C65F /* Build configuration list for PBXProject "PregnancyApp" */ = {
			isa = XCConfigurationList;
			buildConfigurations = (
				37BDE7A92117B0C10097C65F /* Debug */,
				37BDE7AA2117B0C10097C65F /* Release */,
			);
			defaultConfigurationIsVisible = 0;
			defaultConfigurationName = Release;
		};
		37BDE7AB2117B0C10097C65F /* Build configuration list for PBXNativeTarget "PregnancyApp" */ = {
			isa = XCConfigurationList;
			buildConfigurations = (
				37BDE7AC2117B0C10097C65F /* Debug */,
				37BDE7AD2117B0C10097C65F /* Release */,
			);
			defaultConfigurationIsVisible = 0;
			defaultConfigurationName = Release;
		};
/* End XCConfigurationList section */
	};
	rootObject = 37BDE7912117B0C00097C65F /* Project object */;
}
